
Microsoft Visual Studio Solution File, Format Version 12.00
# Visual Studio 2013
VisualStudioVersion = 12.0.31101.0
MinimumVisualStudioVersion = 10.0.40219.1
Project("{2150E333-8FDC-42A3-9474-1A3956D46DE8}") = "Azure", "Azure", "{38A4F65C-B329-452C-91B2-280FA8929371}"
EndProject
Project("{2150E333-8FDC-42A3-9474-1A3956D46DE8}") = "Core", "Core", "{D5FACE23-4693-4CC0-9925-84428597A730}"
EndProject
Project("{2150E333-8FDC-42A3-9474-1A3956D46DE8}") = "Extensions", "Extensions", "{46217460-8236-40AF-810E-CCDBB61770E2}"
EndProject
Project("{2150E333-8FDC-42A3-9474-1A3956D46DE8}") = "Presentation", "Presentation", "{E0AFD358-1AA6-4DB2-9FB7-EFBA094BE745}"
EndProject
Project("{2150E333-8FDC-42A3-9474-1A3956D46DE8}") = "Tests", "Tests", "{ED6541AE-97BE-448C-A308-7D6B5F47E2AA}"
EndProject
Project("{2150E333-8FDC-42A3-9474-1A3956D46DE8}") = "Admin", "Admin", "{C7F9F5D0-1EE9-4E39-BE4E-8340F868BC65}"
EndProject
Project("{2150E333-8FDC-42A3-9474-1A3956D46DE8}") = "FrontEnd", "FrontEnd", "{0B8B8F4A-8F34-4F78-82D7-D755BC29F949}"
EndProject
Project("{2150E333-8FDC-42A3-9474-1A3956D46DE8}") = "Azure", "Azure", "{4F0AFD34-17B5-4062-BC7A-0224183CF54B}"
EndProject
Project("{2150E333-8FDC-42A3-9474-1A3956D46DE8}") = "Cache", "Cache", "{2013C8C7-E7E1-4628-AF6F-7902AFD7BBA1}"
EndProject
Project("{2150E333-8FDC-42A3-9474-1A3956D46DE8}") = "Clients", "Clients", "{C6E270C2-EC56-4EA5-8813-E92D4709456B}"
EndProject
Project("{2150E333-8FDC-42A3-9474-1A3956D46DE8}") = "Jobs", "Jobs", "{6B3C74DA-422B-4D29-A3EA-FF17CE18D61B}"
EndProject
Project("{2150E333-8FDC-42A3-9474-1A3956D46DE8}") = "Logging", "Logging", "{68A3B4B4-7CDF-41EF-BB16-6DC0547A9EF1}"
EndProject
Project("{2150E333-8FDC-42A3-9474-1A3956D46DE8}") = "Payments", "Payments", "{244EF4EF-197C-4577-96D6-730310D0CE28}"
EndProject
Project("{2150E333-8FDC-42A3-9474-1A3956D46DE8}") = "Search", "Search", "{8DC0FAE7-775A-4EB3-8DF7-96FD8964C10A}"
EndProject
Project("{2150E333-8FDC-42A3-9474-1A3956D46DE8}") = "Setup", "Setup", "{B47B97E0-0ACA-40C8-98E1-AE16405CF9C4}"
EndProject
Project("{2150E333-8FDC-42A3-9474-1A3956D46DE8}") = "Shipping", "Shipping", "{029A3B80-123C-42A9-B6EC-CB5393C570EF}"
EndProject
Project("{2150E333-8FDC-42A3-9474-1A3956D46DE8}") = "Workflow", "Workflow", "{B730B7FB-C8D7-4AF9-A78E-B03A2751156F}"
EndProject
Project("{2150E333-8FDC-42A3-9474-1A3956D46DE8}") = "WebRoles", "WebRoles", "{23D8175F-6605-4350-9442-838ABAE5285E}"
EndProject
Project("{2150E333-8FDC-42A3-9474-1A3956D46DE8}") = "FrontEnd", "FrontEnd", "{0581868B-DCF9-4B0A-8E77-9EF86116379F}"
EndProject
Project("{2150E333-8FDC-42A3-9474-1A3956D46DE8}") = "WorkerRoles", "WorkerRoles", "{B12F3E17-8146-4F24-9FE7-5E8312450FA3}"
EndProject
Project("{2150E333-8FDC-42A3-9474-1A3956D46DE8}") = "Scheduler", "Scheduler", "{854AD102-AF2F-4B61-8DF1-32AD1DCC34DB}"
EndProject
Project("{2150E333-8FDC-42A3-9474-1A3956D46DE8}") = "Search", "Search", "{51025855-3A82-435A-BF9D-02384ECF1806}"
EndProject
Project("{FAE04EC0-301F-11D3-BF4B-00C04F79EFBC}") = "StoreWebApp", "Presentation\FrontEnd\StoreWebApp\StoreWebApp.csproj", "{C1F2FE5E-0D4C-4601-9204-A9D872A331E0}"
EndProject
Project("{FAE04EC0-301F-11D3-BF4B-00C04F79EFBC}") = "CommerceWebClient", "Extensions\Client\CommerceWebClient\CommerceWebClient.csproj", "{840F0071-FDFE-47BF-83EB-9AF383CF1671}"
EndProject
Project("{FAE04EC0-301F-11D3-BF4B-00C04F79EFBC}") = "CommerceFoundation", "Core\CommerceFoundation\CommerceFoundation.csproj", "{51175861-991B-4C73-8E08-D793F966B462}"
EndProject
Global
	GlobalSection(SolutionConfigurationPlatforms) = preSolution
		Debug|Any CPU = Debug|Any CPU
		Release|Any CPU = Release|Any CPU
	EndGlobalSection
	GlobalSection(ProjectConfigurationPlatforms) = postSolution
		{C1F2FE5E-0D4C-4601-9204-A9D872A331E0}.Debug|Any CPU.ActiveCfg = Debug|Any CPU
		{C1F2FE5E-0D4C-4601-9204-A9D872A331E0}.Debug|Any CPU.Build.0 = Debug|Any CPU
		{C1F2FE5E-0D4C-4601-9204-A9D872A331E0}.Release|Any CPU.ActiveCfg = Release|Any CPU
		{C1F2FE5E-0D4C-4601-9204-A9D872A331E0}.Release|Any CPU.Build.0 = Release|Any CPU
		{840F0071-FDFE-47BF-83EB-9AF383CF1671}.Debug|Any CPU.ActiveCfg = Debug|Any CPU
		{840F0071-FDFE-47BF-83EB-9AF383CF1671}.Debug|Any CPU.Build.0 = Debug|Any CPU
		{840F0071-FDFE-47BF-83EB-9AF383CF1671}.Release|Any CPU.ActiveCfg = Release|Any CPU
		{840F0071-FDFE-47BF-83EB-9AF383CF1671}.Release|Any CPU.Build.0 = Release|Any CPU
		{51175861-991B-4C73-8E08-D793F966B462}.Debug|Any CPU.ActiveCfg = Debug|Any CPU
		{51175861-991B-4C73-8E08-D793F966B462}.Debug|Any CPU.Build.0 = Debug|Any CPU
		{51175861-991B-4C73-8E08-D793F966B462}.Release|Any CPU.ActiveCfg = Release|Any CPU
		{51175861-991B-4C73-8E08-D793F966B462}.Release|Any CPU.Build.0 = Release|Any CPU
	EndGlobalSection
	GlobalSection(SolutionProperties) = preSolution
		HideSolutionNode = FALSE
	EndGlobalSection
	GlobalSection(NestedProjects) = preSolution
		{C7F9F5D0-1EE9-4E39-BE4E-8340F868BC65} = {E0AFD358-1AA6-4DB2-9FB7-EFBA094BE745}
		{0B8B8F4A-8F34-4F78-82D7-D755BC29F949} = {E0AFD358-1AA6-4DB2-9FB7-EFBA094BE745}
		{4F0AFD34-17B5-4062-BC7A-0224183CF54B} = {46217460-8236-40AF-810E-CCDBB61770E2}
		{2013C8C7-E7E1-4628-AF6F-7902AFD7BBA1} = {46217460-8236-40AF-810E-CCDBB61770E2}
		{C6E270C2-EC56-4EA5-8813-E92D4709456B} = {46217460-8236-40AF-810E-CCDBB61770E2}
		{6B3C74DA-422B-4D29-A3EA-FF17CE18D61B} = {46217460-8236-40AF-810E-CCDBB61770E2}
		{68A3B4B4-7CDF-41EF-BB16-6DC0547A9EF1} = {46217460-8236-40AF-810E-CCDBB61770E2}
		{244EF4EF-197C-4577-96D6-730310D0CE28} = {46217460-8236-40AF-810E-CCDBB61770E2}
		{8DC0FAE7-775A-4EB3-8DF7-96FD8964C10A} = {46217460-8236-40AF-810E-CCDBB61770E2}
		{B47B97E0-0ACA-40C8-98E1-AE16405CF9C4} = {46217460-8236-40AF-810E-CCDBB61770E2}
		{029A3B80-123C-42A9-B6EC-CB5393C570EF} = {46217460-8236-40AF-810E-CCDBB61770E2}
		{B730B7FB-C8D7-4AF9-A78E-B03A2751156F} = {46217460-8236-40AF-810E-CCDBB61770E2}
		{23D8175F-6605-4350-9442-838ABAE5285E} = {38A4F65C-B329-452C-91B2-280FA8929371}
		{0581868B-DCF9-4B0A-8E77-9EF86116379F} = {23D8175F-6605-4350-9442-838ABAE5285E}
		{B12F3E17-8146-4F24-9FE7-5E8312450FA3} = {38A4F65C-B329-452C-91B2-280FA8929371}
		{854AD102-AF2F-4B61-8DF1-32AD1DCC34DB} = {B12F3E17-8146-4F24-9FE7-5E8312450FA3}
		{51025855-3A82-435A-BF9D-02384ECF1806} = {B12F3E17-8146-4F24-9FE7-5E8312450FA3}
		{C1F2FE5E-0D4C-4601-9204-A9D872A331E0} = {0B8B8F4A-8F34-4F78-82D7-D755BC29F949}
		{840F0071-FDFE-47BF-83EB-9AF383CF1671} = {C6E270C2-EC56-4EA5-8813-E92D4709456B}
		{51175861-991B-4C73-8E08-D793F966B462} = {D5FACE23-4693-4CC0-9925-84428597A730}
	EndGlobalSection
EndGlobal
